
Microsoft Visual Studio Solution File, Format Version 12.00
# Visual Studio Version 17
VisualStudioVersion = 17.0.31919.166
MinimumVisualStudioVersion = 10.0.40219.1
Project("{2150E333-8FDC-42A3-9474-1A3956D46DE8}") = "Windows", "Windows", "{8F0E1457-FB1E-47A4-9DA8-74A6B757CAA4}"
EndProject
Project("{2150E333-8FDC-42A3-9474-1A3956D46DE8}") = "Libraries", "Libraries", "{72E29C1E-8723-4885-A5ED-BD3A929D81B6}"
EndProject
Project("{2150E333-8FDC-42A3-9474-1A3956D46DE8}") = "Playstation", "Playstation", "{8E8E4C8D-E3E1-4CB9-BD78-7ADAB2F2CF45}"
EndProject
Project("{2150E333-8FDC-42A3-9474-1A3956D46DE8}") = "Misc", "Misc", "{DBCE3AAD-373D-4EB6-8964-2A4BE1E9F575}"
	ProjectSection(SolutionItems) = preProject
		Misc\DriverDefinitions.h = Misc\DriverDefinitions.h
		Misc\Increment.bat = Misc\Increment.bat
	EndProjectSection
EndProject
Project("{9A19103F-16F7-4668-BE54-9A1E7A4F7556}") = "OrbisNeighborHood", "Windows\OrbisNeighborHood\OrbisNeighborHood.csproj", "{81B068F7-776C-429F-BB7B-5563F75F1A39}"
	ProjectSection(ProjectDependencies) = postProject
		{6AE42BFE-1833-4804-96EB-38D323B6C28E} = {6AE42BFE-1833-4804-96EB-38D323B6C28E}
	EndProjectSection
EndProject
Project("{2150E333-8FDC-42A3-9474-1A3956D46DE8}") = "Installer", "Installer", "{6046C772-BE17-4BC8-A362-AD8C77F9178E}"
EndProject
Project("{9A19103F-16F7-4668-BE54-9A1E7A4F7556}") = "OrbisLib", "Windows\Libraries\OrbisLib\OrbisLib.csproj", "{6AE42BFE-1833-4804-96EB-38D323B6C28E}"
EndProject
Project("{9A19103F-16F7-4668-BE54-9A1E7A4F7556}") = "OrbisSuiteService", "Windows\OrbisSuiteService\OrbisSuiteService.csproj", "{D7CFB2D5-FAC2-42D5-ABA7-81CE762575EF}"
	ProjectSection(ProjectDependencies) = postProject
		{6AE42BFE-1833-4804-96EB-38D323B6C28E} = {6AE42BFE-1833-4804-96EB-38D323B6C28E}
	EndProjectSection
EndProject
Project("{8BC9CEB8-8B4A-11D0-8D11-00A0C91BC942}") = "Daemon", "Playstation\Daemon\Daemon.vcxproj", "{88E11D06-FCB4-4707-A48E-B8D66966A154}"
EndProject
Project("{8BC9CEB8-8B4A-11D0-8D11-00A0C91BC942}") = "Orbis Toolbox", "Playstation\Orbis Toolbox\Orbis Toolbox.vcxproj", "{CED79D48-621A-4076-81E8-11F77DE1E41B}"
EndProject
Project("{8BC9CEB8-8B4A-11D0-8D11-00A0C91BC942}") = "OrbisSuite", "Playstation\OrbisSuite\OrbisSuite.vcxproj", "{228AA300-11F5-49B1-A6B5-4986635C6D0B}"
EndProject
Project("{2150E333-8FDC-42A3-9474-1A3956D46DE8}") = "Debug", "Debug", "{A8029CC8-E534-49AB-AD5A-017191D71B7E}"
EndProject
Project("{8BC9CEB8-8B4A-11D0-8D11-00A0C91BC942}") = "OrbisToolbox-2.0", "Playstation\OrbisToolbox-2.0\OrbisToolbox-2.0.vcxproj", "{57244F52-BA7C-4D89-9C38-D80AD9727721}"
EndProject
Project("{8BC9CEB8-8B4A-11D0-8D11-00A0C91BC942}") = "RunKernel", "Playstation\DebugExecutables\RunKernel\RunKernel.vcxproj", "{A0152852-B0DE-4606-A06C-7CFEF7C0D36F}"
EndProject
Project("{8BC9CEB8-8B4A-11D0-8D11-00A0C91BC942}") = "RunShellUI", "Playstation\DebugExecutables\RunShellUI\RunShellUI.vcxproj", "{9ED7894B-7921-4E3E-8B6D-F7ACCFA9A77A}"
EndProject
Global
	GlobalSection(SolutionConfigurationPlatforms) = preSolution
		Debug|Any CPU = Debug|Any CPU
		Debug|x64 = Debug|x64
		Debug|x86 = Debug|x86
		Release|Any CPU = Release|Any CPU
		Release|x64 = Release|x64
		Release|x86 = Release|x86
	EndGlobalSection
	GlobalSection(ProjectConfigurationPlatforms) = postSolution
		{81B068F7-776C-429F-BB7B-5563F75F1A39}.Debug|Any CPU.ActiveCfg = Debug|Any CPU
		{81B068F7-776C-429F-BB7B-5563F75F1A39}.Debug|Any CPU.Build.0 = Debug|Any CPU
		{81B068F7-776C-429F-BB7B-5563F75F1A39}.Debug|x64.ActiveCfg = Debug|Any CPU
		{81B068F7-776C-429F-BB7B-5563F75F1A39}.Debug|x64.Build.0 = Debug|Any CPU
		{81B068F7-776C-429F-BB7B-5563F75F1A39}.Debug|x86.ActiveCfg = Debug|Any CPU
		{81B068F7-776C-429F-BB7B-5563F75F1A39}.Debug|x86.Build.0 = Debug|Any CPU
		{81B068F7-776C-429F-BB7B-5563F75F1A39}.Release|Any CPU.ActiveCfg = Release|Any CPU
		{81B068F7-776C-429F-BB7B-5563F75F1A39}.Release|Any CPU.Build.0 = Release|Any CPU
		{81B068F7-776C-429F-BB7B-5563F75F1A39}.Release|x64.ActiveCfg = Release|Any CPU
		{81B068F7-776C-429F-BB7B-5563F75F1A39}.Release|x64.Build.0 = Release|Any CPU
		{81B068F7-776C-429F-BB7B-5563F75F1A39}.Release|x86.ActiveCfg = Release|Any CPU
		{81B068F7-776C-429F-BB7B-5563F75F1A39}.Release|x86.Build.0 = Release|Any CPU
		{6AE42BFE-1833-4804-96EB-38D323B6C28E}.Debug|Any CPU.ActiveCfg = Debug|Any CPU
		{6AE42BFE-1833-4804-96EB-38D323B6C28E}.Debug|Any CPU.Build.0 = Debug|Any CPU
		{6AE42BFE-1833-4804-96EB-38D323B6C28E}.Debug|x64.ActiveCfg = Debug|Any CPU
		{6AE42BFE-1833-4804-96EB-38D323B6C28E}.Debug|x64.Build.0 = Debug|Any CPU
		{6AE42BFE-1833-4804-96EB-38D323B6C28E}.Debug|x86.ActiveCfg = Debug|Any CPU
		{6AE42BFE-1833-4804-96EB-38D323B6C28E}.Debug|x86.Build.0 = Debug|Any CPU
		{6AE42BFE-1833-4804-96EB-38D323B6C28E}.Release|Any CPU.ActiveCfg = Release|Any CPU
		{6AE42BFE-1833-4804-96EB-38D323B6C28E}.Release|Any CPU.Build.0 = Release|Any CPU
		{6AE42BFE-1833-4804-96EB-38D323B6C28E}.Release|x64.ActiveCfg = Release|Any CPU
		{6AE42BFE-1833-4804-96EB-38D323B6C28E}.Release|x64.Build.0 = Release|Any CPU
		{6AE42BFE-1833-4804-96EB-38D323B6C28E}.Release|x86.ActiveCfg = Release|Any CPU
		{6AE42BFE-1833-4804-96EB-38D323B6C28E}.Release|x86.Build.0 = Release|Any CPU
		{D7CFB2D5-FAC2-42D5-ABA7-81CE762575EF}.Debug|Any CPU.ActiveCfg = Debug|Any CPU
		{D7CFB2D5-FAC2-42D5-ABA7-81CE762575EF}.Debug|Any CPU.Build.0 = Debug|Any CPU
		{D7CFB2D5-FAC2-42D5-ABA7-81CE762575EF}.Debug|x64.ActiveCfg = Debug|Any CPU
		{D7CFB2D5-FAC2-42D5-ABA7-81CE762575EF}.Debug|x64.Build.0 = Debug|Any CPU
		{D7CFB2D5-FAC2-42D5-ABA7-81CE762575EF}.Debug|x86.ActiveCfg = Debug|Any CPU
		{D7CFB2D5-FAC2-42D5-ABA7-81CE762575EF}.Debug|x86.Build.0 = Debug|Any CPU
		{D7CFB2D5-FAC2-42D5-ABA7-81CE762575EF}.Release|Any CPU.ActiveCfg = Release|Any CPU
		{D7CFB2D5-FAC2-42D5-ABA7-81CE762575EF}.Release|Any CPU.Build.0 = Release|Any CPU
		{D7CFB2D5-FAC2-42D5-ABA7-81CE762575EF}.Release|x64.ActiveCfg = Release|Any CPU
		{D7CFB2D5-FAC2-42D5-ABA7-81CE762575EF}.Release|x64.Build.0 = Release|Any CPU
		{D7CFB2D5-FAC2-42D5-ABA7-81CE762575EF}.Release|x86.ActiveCfg = Release|Any CPU
		{D7CFB2D5-FAC2-42D5-ABA7-81CE762575EF}.Release|x86.Build.0 = Release|Any CPU
		{88E11D06-FCB4-4707-A48E-B8D66966A154}.Debug|Any CPU.ActiveCfg = Debug|x64
		{88E11D06-FCB4-4707-A48E-B8D66966A154}.Debug|x64.ActiveCfg = Debug|x64
		{88E11D06-FCB4-4707-A48E-B8D66966A154}.Debug|x64.Build.0 = Debug|x64
		{88E11D06-FCB4-4707-A48E-B8D66966A154}.Debug|x86.ActiveCfg = Debug|x64
		{88E11D06-FCB4-4707-A48E-B8D66966A154}.Release|Any CPU.ActiveCfg = Release|x64
		{88E11D06-FCB4-4707-A48E-B8D66966A154}.Release|x64.ActiveCfg = Release|x64
		{88E11D06-FCB4-4707-A48E-B8D66966A154}.Release|x64.Build.0 = Release|x64
		{88E11D06-FCB4-4707-A48E-B8D66966A154}.Release|x86.ActiveCfg = Release|x64
		{CED79D48-621A-4076-81E8-11F77DE1E41B}.Debug|Any CPU.ActiveCfg = Debug|x64
		{CED79D48-621A-4076-81E8-11F77DE1E41B}.Debug|Any CPU.Build.0 = Debug|x64
		{CED79D48-621A-4076-81E8-11F77DE1E41B}.Debug|x64.ActiveCfg = Debug|x64
		{CED79D48-621A-4076-81E8-11F77DE1E41B}.Debug|x64.Build.0 = Debug|x64
		{CED79D48-621A-4076-81E8-11F77DE1E41B}.Debug|x86.ActiveCfg = Debug|x64
		{CED79D48-621A-4076-81E8-11F77DE1E41B}.Debug|x86.Build.0 = Debug|x64
		{CED79D48-621A-4076-81E8-11F77DE1E41B}.Release|Any CPU.ActiveCfg = Release|x64
		{CED79D48-621A-4076-81E8-11F77DE1E41B}.Release|Any CPU.Build.0 = Release|x64
		{CED79D48-621A-4076-81E8-11F77DE1E41B}.Release|x64.ActiveCfg = Release|x64
		{CED79D48-621A-4076-81E8-11F77DE1E41B}.Release|x64.Build.0 = Release|x64
		{CED79D48-621A-4076-81E8-11F77DE1E41B}.Release|x86.ActiveCfg = Release|x64
		{CED79D48-621A-4076-81E8-11F77DE1E41B}.Release|x86.Build.0 = Release|x64
		{228AA300-11F5-49B1-A6B5-4986635C6D0B}.Debug|Any CPU.ActiveCfg = Debug|x64
		{228AA300-11F5-49B1-A6B5-4986635C6D0B}.Debug|Any CPU.Build.0 = Debug|x64
		{228AA300-11F5-49B1-A6B5-4986635C6D0B}.Debug|x64.ActiveCfg = Debug|x64
		{228AA300-11F5-49B1-A6B5-4986635C6D0B}.Debug|x64.Build.0 = Debug|x64
		{228AA300-11F5-49B1-A6B5-4986635C6D0B}.Debug|x86.ActiveCfg = Debug|x64
		{228AA300-11F5-49B1-A6B5-4986635C6D0B}.Debug|x86.Build.0 = Debug|x64
		{228AA300-11F5-49B1-A6B5-4986635C6D0B}.Release|Any CPU.ActiveCfg = Release|x64
		{228AA300-11F5-49B1-A6B5-4986635C6D0B}.Release|Any CPU.Build.0 = Release|x64
		{228AA300-11F5-49B1-A6B5-4986635C6D0B}.Release|x64.ActiveCfg = Release|x64
		{228AA300-11F5-49B1-A6B5-4986635C6D0B}.Release|x64.Build.0 = Release|x64
		{228AA300-11F5-49B1-A6B5-4986635C6D0B}.Release|x86.ActiveCfg = Release|x64
		{228AA300-11F5-49B1-A6B5-4986635C6D0B}.Release|x86.Build.0 = Release|x64
		{57244F52-BA7C-4D89-9C38-D80AD9727721}.Debug|Any CPU.ActiveCfg = Debug|x64
		{57244F52-BA7C-4D89-9C38-D80AD9727721}.Debug|Any CPU.Build.0 = Debug|x64
		{57244F52-BA7C-4D89-9C38-D80AD9727721}.Debug|x64.ActiveCfg = Debug|x64
		{57244F52-BA7C-4D89-9C38-D80AD9727721}.Debug|x64.Build.0 = Debug|x64
		{57244F52-BA7C-4D89-9C38-D80AD9727721}.Debug|x86.ActiveCfg = Debug|x64
		{57244F52-BA7C-4D89-9C38-D80AD9727721}.Debug|x86.Build.0 = Debug|x64
		{57244F52-BA7C-4D89-9C38-D80AD9727721}.Release|Any CPU.ActiveCfg = Release|x64
		{57244F52-BA7C-4D89-9C38-D80AD9727721}.Release|Any CPU.Build.0 = Release|x64
		{57244F52-BA7C-4D89-9C38-D80AD9727721}.Release|x64.ActiveCfg = Release|x64
		{57244F52-BA7C-4D89-9C38-D80AD9727721}.Release|x64.Build.0 = Release|x64
		{57244F52-BA7C-4D89-9C38-D80AD9727721}.Release|x86.ActiveCfg = Release|x64
		{57244F52-BA7C-4D89-9C38-D80AD9727721}.Release|x86.Build.0 = Release|x64
		{A0152852-B0DE-4606-A06C-7CFEF7C0D36F}.Debug|Any CPU.ActiveCfg = Debug|x64
		{A0152852-B0DE-4606-A06C-7CFEF7C0D36F}.Debug|Any CPU.Build.0 = Debug|x64
		{A0152852-B0DE-4606-A06C-7CFEF7C0D36F}.Debug|x64.ActiveCfg = Debug|x64
		{A0152852-B0DE-4606-A06C-7CFEF7C0D36F}.Debug|x64.Build.0 = Debug|x64
		{A0152852-B0DE-4606-A06C-7CFEF7C0D36F}.Debug|x86.ActiveCfg = Debug|x64
		{A0152852-B0DE-4606-A06C-7CFEF7C0D36F}.Debug|x86.Build.0 = Debug|x64
		{A0152852-B0DE-4606-A06C-7CFEF7C0D36F}.Release|Any CPU.ActiveCfg = Release|x64
		{A0152852-B0DE-4606-A06C-7CFEF7C0D36F}.Release|Any CPU.Build.0 = Release|x64
		{A0152852-B0DE-4606-A06C-7CFEF7C0D36F}.Release|x64.ActiveCfg = Release|x64
		{A0152852-B0DE-4606-A06C-7CFEF7C0D36F}.Release|x64.Build.0 = Release|x64
		{A0152852-B0DE-4606-A06C-7CFEF7C0D36F}.Release|x86.ActiveCfg = Release|x64
		{A0152852-B0DE-4606-A06C-7CFEF7C0D36F}.Release|x86.Build.0 = Release|x64
		{9ED7894B-7921-4E3E-8B6D-F7ACCFA9A77A}.Debug|Any CPU.ActiveCfg = Debug|x64
		{9ED7894B-7921-4E3E-8B6D-F7ACCFA9A77A}.Debug|Any CPU.Build.0 = Debug|x64
		{9ED7894B-7921-4E3E-8B6D-F7ACCFA9A77A}.Debug|x64.ActiveCfg = Debug|x64
		{9ED7894B-7921-4E3E-8B6D-F7ACCFA9A77A}.Debug|x64.Build.0 = Debug|x64
		{9ED7894B-7921-4E3E-8B6D-F7ACCFA9A77A}.Debug|x86.ActiveCfg = Debug|x64
		{9ED7894B-7921-4E3E-8B6D-F7ACCFA9A77A}.Debug|x86.Build.0 = Debug|x64
		{9ED7894B-7921-4E3E-8B6D-F7ACCFA9A77A}.Release|Any CPU.ActiveCfg = Release|x64
		{9ED7894B-7921-4E3E-8B6D-F7ACCFA9A77A}.Release|Any CPU.Build.0 = Release|x64
		{9ED7894B-7921-4E3E-8B6D-F7ACCFA9A77A}.Release|x64.ActiveCfg = Release|x64
		{9ED7894B-7921-4E3E-8B6D-F7ACCFA9A77A}.Release|x64.Build.0 = Release|x64
		{9ED7894B-7921-4E3E-8B6D-F7ACCFA9A77A}.Release|x86.ActiveCfg = Release|x64
		{9ED7894B-7921-4E3E-8B6D-F7ACCFA9A77A}.Release|x86.Build.0 = Release|x64
	EndGlobalSection
	GlobalSection(SolutionProperties) = preSolution
		HideSolutionNode = FALSE
	EndGlobalSection
	GlobalSection(NestedProjects) = preSolution
		{72E29C1E-8723-4885-A5ED-BD3A929D81B6} = {8F0E1457-FB1E-47A4-9DA8-74A6B757CAA4}
		{81B068F7-776C-429F-BB7B-5563F75F1A39} = {8F0E1457-FB1E-47A4-9DA8-74A6B757CAA4}
		{6046C772-BE17-4BC8-A362-AD8C77F9178E} = {8F0E1457-FB1E-47A4-9DA8-74A6B757CAA4}
		{6AE42BFE-1833-4804-96EB-38D323B6C28E} = {72E29C1E-8723-4885-A5ED-BD3A929D81B6}
		{D7CFB2D5-FAC2-42D5-ABA7-81CE762575EF} = {8F0E1457-FB1E-47A4-9DA8-74A6B757CAA4}
		{88E11D06-FCB4-4707-A48E-B8D66966A154} = {8E8E4C8D-E3E1-4CB9-BD78-7ADAB2F2CF45}
		{CED79D48-621A-4076-81E8-11F77DE1E41B} = {8E8E4C8D-E3E1-4CB9-BD78-7ADAB2F2CF45}
		{228AA300-11F5-49B1-A6B5-4986635C6D0B} = {8E8E4C8D-E3E1-4CB9-BD78-7ADAB2F2CF45}
		{A8029CC8-E534-49AB-AD5A-017191D71B7E} = {8E8E4C8D-E3E1-4CB9-BD78-7ADAB2F2CF45}
		{57244F52-BA7C-4D89-9C38-D80AD9727721} = {8E8E4C8D-E3E1-4CB9-BD78-7ADAB2F2CF45}
		{A0152852-B0DE-4606-A06C-7CFEF7C0D36F} = {A8029CC8-E534-49AB-AD5A-017191D71B7E}
		{9ED7894B-7921-4E3E-8B6D-F7ACCFA9A77A} = {A8029CC8-E534-49AB-AD5A-017191D71B7E}
	EndGlobalSection
	GlobalSection(ExtensibilityGlobals) = postSolution
		SolutionGuid = {4B6EE1D0-5ADF-44A2-B6EE-E5C8E110EE47}
	EndGlobalSection
EndGlobal
