<?xml version="1.0" encoding="utf-8"?>
<Project ToolsVersion="4.0" xmlns="http://schemas.microsoft.com/developer/msbuild/2003">
  <ItemGroup>
    <Filter Include="Source Files">
      <UniqueIdentifier>{4FC737F1-C7A5-4376-A066-2A32D752A2FF}</UniqueIdentifier>
      <Extensions>cpp;c;cxx;cc;s;asm</Extensions>
    </Filter>
    <Filter Include="Header Files">
      <UniqueIdentifier>{93995380-89BD-4b04-88EB-625FBE52EBFB}</UniqueIdentifier>
      <Extensions>h;hpp</Extensions>
    </Filter>
    <Filter Include="Source Files\Utilities">
      <UniqueIdentifier>{bdc2fb30-c2db-4ce1-8266-2f6f93dc9e67}</UniqueIdentifier>
    </Filter>
    <Filter Include="Header Files\Utilities">
      <UniqueIdentifier>{d1452c2c-c0db-4cfe-86a4-77f1079bbb07}</UniqueIdentifier>
    </Filter>
    <Filter Include="Header Files\API">
      <UniqueIdentifier>{a253b4b7-0c90-4f79-a868-9dfb32c9d3e4}</UniqueIdentifier>
    </Filter>
    <Filter Include="Source Files\API">
      <UniqueIdentifier>{3ccc78e7-0ce7-46af-ba6e-aa85e0ff0b2c}</UniqueIdentifier>
    </Filter>
  </ItemGroup>
  <ItemGroup>
    <ClCompile Include="Main.cpp">
      <Filter>Source Files</Filter>
    </ClCompile>
    <ClCompile Include="stdafx.cpp">
      <Filter>Source Files\Utilities</Filter>
    </ClCompile>
    <ClCompile Include="ThreadPool.cpp">
      <Filter>Source Files\Utilities</Filter>
    </ClCompile>
    <ClCompile Include="Utilities.cpp">
      <Filter>Source Files\Utilities</Filter>
    </ClCompile>
    <ClCompile Include="API.cpp">
      <Filter>Source Files\API</Filter>
    </ClCompile>
    <ClCompile Include="Events.cpp">
      <Filter>Source Files\API</Filter>
    </ClCompile>
    <ClCompile Include="Sockets.cpp">
      <Filter>Source Files\Utilities</Filter>
    </ClCompile>
  </ItemGroup>
  <ItemGroup>
    <ClInclude Include="stdafx.h">
      <Filter>Header Files\Utilities</Filter>
    </ClInclude>
    <ClInclude Include="ThreadPool.h">
      <Filter>Header Files\Utilities</Filter>
    </ClInclude>
    <ClInclude Include="Utilities.h">
      <Filter>Header Files\Utilities</Filter>
    </ClInclude>
    <ClInclude Include="Version.h">
      <Filter>Header Files\Utilities</Filter>
    </ClInclude>
    <ClInclude Include="API.h">
      <Filter>Header Files\API</Filter>
    </ClInclude>
    <ClInclude Include="Events.h">
      <Filter>Header Files\API</Filter>
    </ClInclude>
    <ClInclude Include="Sockets.h">
      <Filter>Header Files\Utilities</Filter>
    </ClInclude>
    <ClInclude Include="Config.h">
      <Filter>Header Files\API</Filter>
    </ClInclude>
  </ItemGroup>
</Project>