<?xml version="1.0" encoding="utf-8"?>
<Project ToolsVersion="4.0" xmlns="http://schemas.microsoft.com/developer/msbuild/2003">
  <ItemGroup>
    <Filter Include="Source Files">
      <UniqueIdentifier>{4FC737F1-C7A5-4376-A066-2A32D752A2FF}</UniqueIdentifier>
      <Extensions>cpp;c;cc;cxx;def;odl;idl;hpj;bat;asm;asmx</Extensions>
    </Filter>
    <Filter Include="Header Files">
      <UniqueIdentifier>{93995380-89BD-4b04-88EB-625FBE52EBFB}</UniqueIdentifier>
      <Extensions>h;hh;hpp;hxx;hm;inl;inc;ipp;xsd</Extensions>
    </Filter>
    <Filter Include="Resource Files">
      <UniqueIdentifier>{67DA6AB6-F800-4c08-8B7A-83BB121AAD01}</UniqueIdentifier>
      <Extensions>rc;ico;cur;bmp;dlg;rc2;rct;bin;rgs;gif;jpg;jpeg;jpe;resx;tiff;tif;png;wav;mfcribbon-ms</Extensions>
    </Filter>
    <Filter Include="Header Files\Utilities">
      <UniqueIdentifier>{a1e7d8c0-9965-4dae-9e21-fec87fa057a9}</UniqueIdentifier>
    </Filter>
    <Filter Include="Header Files\Toolbox">
      <UniqueIdentifier>{128fb9c5-726e-4ead-9a69-eacccaf065c9}</UniqueIdentifier>
    </Filter>
    <Filter Include="Source Files\Toolbox">
      <UniqueIdentifier>{c2914927-ce60-49d6-8347-dda39e2b5f1e}</UniqueIdentifier>
    </Filter>
    <Filter Include="Header Files\Toolbox\Debug Features">
      <UniqueIdentifier>{436fc168-d46b-41f0-bdc8-abe0e210642e}</UniqueIdentifier>
    </Filter>
    <Filter Include="Source Files\Toolbox\Debug Features">
      <UniqueIdentifier>{af6bfa7a-ad5f-49a0-9358-d0eaa2814bae}</UniqueIdentifier>
    </Filter>
    <Filter Include="Source Files\Toolbox\Menu">
      <UniqueIdentifier>{ad533448-fd2b-43f1-8ec0-ed384863fe03}</UniqueIdentifier>
    </Filter>
    <Filter Include="Header Files\Toolbox\Menu">
      <UniqueIdentifier>{55d149ba-c24f-4a7f-bd90-dab4084dc805}</UniqueIdentifier>
    </Filter>
    <Filter Include="Header Files\Toolbox\UI">
      <UniqueIdentifier>{65077391-6e0e-48f7-b7cc-670ae6760503}</UniqueIdentifier>
    </Filter>
    <Filter Include="Source Files\Toolbox\UI">
      <UniqueIdentifier>{deb889c0-d6c3-4667-9cb5-d896b97a85da}</UniqueIdentifier>
    </Filter>
    <Filter Include="Source Files\Toolbox\XML">
      <UniqueIdentifier>{27650f36-b0f3-464a-9957-1fc95d4bdefc}</UniqueIdentifier>
    </Filter>
    <Filter Include="Source Files\Utilities">
      <UniqueIdentifier>{5edb94ae-740f-4192-81dc-a2decba078b0}</UniqueIdentifier>
    </Filter>
    <Filter Include="Header Files\Toolbox\UI\Elements">
      <UniqueIdentifier>{e6c0d70c-61c3-4a63-ba8d-65f75af5112f}</UniqueIdentifier>
    </Filter>
    <Filter Include="Source Files\Toolbox\UI\Elements">
      <UniqueIdentifier>{71a68f5f-0868-4608-b063-7a5913039770}</UniqueIdentifier>
    </Filter>
    <Filter Include="Source Files\Utilities\Mono">
      <UniqueIdentifier>{4e4c3e09-ba94-450a-ae0e-3dc2999f2400}</UniqueIdentifier>
    </Filter>
    <Filter Include="Source Files\Utilities\Memory Utils">
      <UniqueIdentifier>{ef0d79cb-072f-4236-8be4-65ccdf7997d0}</UniqueIdentifier>
    </Filter>
    <Filter Include="Source Files\Utilities\PS Utils">
      <UniqueIdentifier>{7c68245e-d1ab-4cd2-83d2-2475526359ee}</UniqueIdentifier>
    </Filter>
    <Filter Include="Header Files\Utilities\Mono">
      <UniqueIdentifier>{141f7e8b-4186-467b-a3f8-cc861bbb95a8}</UniqueIdentifier>
    </Filter>
    <Filter Include="Header Files\Utilities\Memory Utils">
      <UniqueIdentifier>{2ac5b28d-59f4-4b2c-a25b-6205c4299e92}</UniqueIdentifier>
    </Filter>
    <Filter Include="Header Files\Utilities\PS Utils">
      <UniqueIdentifier>{e8c475b5-b0cd-48ac-be98-90debcdaac1e}</UniqueIdentifier>
    </Filter>
  </ItemGroup>
  <ItemGroup>
    <None Include="build.bat" />
    <None Include="Embed.s">
      <Filter>Source Files\Toolbox\XML</Filter>
    </None>
  </ItemGroup>
  <ItemGroup>
    <ClInclude Include="Common.h">
      <Filter>Header Files</Filter>
    </ClInclude>
    <ClInclude Include="Config.h">
      <Filter>Header Files\Utilities</Filter>
    </ClInclude>
    <ClInclude Include="Utilities.h">
      <Filter>Header Files\Utilities</Filter>
    </ClInclude>
    <ClInclude Include="Version.h">
      <Filter>Header Files\Utilities</Filter>
    </ClInclude>
    <ClInclude Include="Debug_Features.h">
      <Filter>Header Files\Toolbox\Debug Features</Filter>
    </ClInclude>
    <ClInclude Include="Menu.h">
      <Filter>Header Files\Toolbox\Menu</Filter>
    </ClInclude>
    <ClInclude Include="Settings_Menu.h">
      <Filter>Header Files\Toolbox\Menu</Filter>
    </ClInclude>
    <ClInclude Include="Daemons.h">
      <Filter>Header Files\Toolbox\Menu</Filter>
    </ClInclude>
    <ClInclude Include="Build_Overlay.h">
      <Filter>Header Files\Toolbox\UI</Filter>
    </ClInclude>
    <ClInclude Include="Game_Overlay.h">
      <Filter>Header Files\Toolbox\UI</Filter>
    </ClInclude>
    <ClInclude Include="UI_Utilities.h">
      <Filter>Header Files\Toolbox\UI</Filter>
    </ClInclude>
    <ClInclude Include="Label.h">
      <Filter>Header Files\Toolbox\UI\Elements</Filter>
    </ClInclude>
    <ClInclude Include="Panel.h">
      <Filter>Header Files\Toolbox\UI\Elements</Filter>
    </ClInclude>
    <ClInclude Include="Widget.h">
      <Filter>Header Files\Toolbox\UI\Elements</Filter>
    </ClInclude>
    <ClInclude Include="UI.h">
      <Filter>Header Files\Toolbox\UI</Filter>
    </ClInclude>
    <ClInclude Include="SocketListener.h">
      <Filter>Header Files\Utilities</Filter>
    </ClInclude>
    <ClInclude Include="RemoteCaller.h">
      <Filter>Header Files\Utilities</Filter>
    </ClInclude>
    <ClInclude Include="Detour.h">
      <Filter>Header Files\Utilities\Memory Utils</Filter>
    </ClInclude>
    <ClInclude Include="Patcher.h">
      <Filter>Header Files\Utilities\Memory Utils</Filter>
    </ClInclude>
    <ClInclude Include="GamePad.h">
      <Filter>Header Files\Utilities\Mono</Filter>
    </ClInclude>
    <ClInclude Include="LncUtil.h">
      <Filter>Header Files\Utilities\Mono</Filter>
    </ClInclude>
    <ClInclude Include="Mono.h">
      <Filter>Header Files\Utilities\Mono</Filter>
    </ClInclude>
    <ClInclude Include="ShellCoreUtilWrapper.h">
      <Filter>Header Files\Utilities\Mono</Filter>
    </ClInclude>
    <ClInclude Include="SysfileUtilWrapper.h">
      <Filter>Header Files\Utilities\Mono</Filter>
    </ClInclude>
    <ClInclude Include="Flash.h">
      <Filter>Header Files\Utilities\PS Utils</Filter>
    </ClInclude>
    <ClInclude Include="Registry.h">
      <Filter>Header Files\Utilities\PS Utils</Filter>
    </ClInclude>
    <ClInclude Include="System.h">
      <Filter>Header Files\Utilities\PS Utils</Filter>
    </ClInclude>
    <ClInclude Include="System_Monitor.h">
      <Filter>Header Files\Utilities\PS Utils</Filter>
    </ClInclude>
    <ClInclude Include="NetWrapper.h">
      <Filter>Header Files\Utilities\Mono</Filter>
    </ClInclude>
    <ClInclude Include="table64.h">
      <Filter>Header Files\Utilities\Memory Utils</Filter>
    </ClInclude>
    <ClInclude Include="hde64.h">
      <Filter>Header Files\Utilities\Memory Utils</Filter>
    </ClInclude>
  </ItemGroup>
  <ItemGroup>
    <ClCompile Include="OrbisToolbox.cpp">
      <Filter>Source Files</Filter>
    </ClCompile>
    <ClCompile Include="Config.cpp">
      <Filter>Source Files\Utilities</Filter>
    </ClCompile>
    <ClCompile Include="Utilities.cpp">
      <Filter>Source Files\Utilities</Filter>
    </ClCompile>
    <ClCompile Include="Custom_Content.cpp">
      <Filter>Source Files\Toolbox\Debug Features</Filter>
    </ClCompile>
    <ClCompile Include="DebugTitleIdLabel.cpp">
      <Filter>Source Files\Toolbox\Debug Features</Filter>
    </ClCompile>
    <ClCompile Include="DevkitPanel.cpp">
      <Filter>Source Files\Toolbox\Debug Features</Filter>
    </ClCompile>
    <ClCompile Include="Daemons.cpp">
      <Filter>Source Files\Toolbox\Menu</Filter>
    </ClCompile>
    <ClCompile Include="Menu.cpp">
      <Filter>Source Files\Toolbox\Menu</Filter>
    </ClCompile>
    <ClCompile Include="Settings_Menu.cpp">
      <Filter>Source Files\Toolbox\Menu</Filter>
    </ClCompile>
    <ClCompile Include="Build_Overlay.cpp">
      <Filter>Source Files\Toolbox\UI</Filter>
    </ClCompile>
    <ClCompile Include="Game_Overlay.cpp">
      <Filter>Source Files\Toolbox\UI</Filter>
    </ClCompile>
    <ClCompile Include="UI_Utilities.cpp">
      <Filter>Source Files\Toolbox\UI</Filter>
    </ClCompile>
    <ClCompile Include="Label.cpp">
      <Filter>Source Files\Toolbox\UI\Elements</Filter>
    </ClCompile>
    <ClCompile Include="Panel.cpp">
      <Filter>Source Files\Toolbox\UI\Elements</Filter>
    </ClCompile>
    <ClCompile Include="Widget.cpp">
      <Filter>Source Files\Toolbox\UI\Elements</Filter>
    </ClCompile>
    <ClCompile Include="SocketListener.cpp">
      <Filter>Source Files\Utilities</Filter>
    </ClCompile>
    <ClCompile Include="RemoteCaller.cpp">
      <Filter>Source Files\Utilities</Filter>
    </ClCompile>
    <ClCompile Include="Mono.cpp">
      <Filter>Source Files\Utilities\Mono</Filter>
    </ClCompile>
    <ClCompile Include="LncUtil.cpp">
      <Filter>Source Files\Utilities\Mono</Filter>
    </ClCompile>
    <ClCompile Include="GamePad.cpp">
      <Filter>Source Files\Utilities\Mono</Filter>
    </ClCompile>
    <ClCompile Include="SysfileUtilWrapper.cpp">
      <Filter>Source Files\Utilities\Mono</Filter>
    </ClCompile>
    <ClCompile Include="ShellCoreUtilWrapper.cpp">
      <Filter>Source Files\Utilities\Mono</Filter>
    </ClCompile>
    <ClCompile Include="Detour.cpp">
      <Filter>Source Files\Utilities\Memory Utils</Filter>
    </ClCompile>
    <ClCompile Include="Patcher.cpp">
      <Filter>Source Files\Utilities\Memory Utils</Filter>
    </ClCompile>
    <ClCompile Include="Flash.cpp">
      <Filter>Source Files\Utilities\PS Utils</Filter>
    </ClCompile>
    <ClCompile Include="Registry.cpp">
      <Filter>Source Files\Utilities\PS Utils</Filter>
    </ClCompile>
    <ClCompile Include="System.cpp">
      <Filter>Source Files\Utilities\PS Utils</Filter>
    </ClCompile>
    <ClCompile Include="System_Monitor.cpp">
      <Filter>Source Files\Utilities\PS Utils</Filter>
    </ClCompile>
    <ClCompile Include="NetWrapper.cpp">
      <Filter>Source Files\Utilities\Mono</Filter>
    </ClCompile>
    <ClCompile Include="hde64.cpp">
      <Filter>Source Files\Utilities\Memory Utils</Filter>
    </ClCompile>
  </ItemGroup>
  <ItemGroup>
    <Xml Include="external_hdd.xml">
      <Filter>Source Files\Toolbox\XML</Filter>
    </Xml>
    <Xml Include="orbis_toolbox.xml">
      <Filter>Source Files\Toolbox\XML</Filter>
    </Xml>
    <Xml Include="settings_root.xml">
      <Filter>Source Files\Toolbox\XML</Filter>
    </Xml>
  </ItemGroup>
</Project>